
Microsoft Visual Studio Solution File, Format Version 12.00
# Visual Studio Version 16
VisualStudioVersion = 16.0.31729.503
MinimumVisualStudioVersion = 10.0.40219.1
Project("{FAE04EC0-301F-11D3-BF4B-00C04F79EFBC}") = "final", "final.csproj", "{28D28EAC-3D95-4182-8FBF-84EA493DE73F}"
EndProject
Global
	GlobalSection(SolutionConfigurationPlatforms) = preSolution
		Debug|Any CPU = Debug|Any CPU
		Release|Any CPU = Release|Any CPU
	EndGlobalSection
	GlobalSection(ProjectConfigurationPlatforms) = postSolution
		{28D28EAC-3D95-4182-8FBF-84EA493DE73F}.Debug|Any CPU.ActiveCfg = Debug|Any CPU
		{28D28EAC-3D95-4182-8FBF-84EA493DE73F}.Debug|Any CPU.Build.0 = Debug|Any CPU
		{28D28EAC-3D95-4182-8FBF-84EA493DE73F}.Release|Any CPU.ActiveCfg = Release|Any CPU
		{28D28EAC-3D95-4182-8FBF-84EA493DE73F}.Release|Any CPU.Build.0 = Release|Any CPU
	EndGlobalSection
	GlobalSection(SolutionProperties) = preSolution
		HideSolutionNode = FALSE
	EndGlobalSection
	GlobalSection(ExtensibilityGlobals) = postSolution
		SolutionGuid = {F4A48894-6662-48F6-A6DE-435A6395C9E0}
	EndGlobalSection
EndGlobal
